// !$*UTF8*$!
{
	archiveVersion = 1;
	classes = {
	};
	objectVersion = 46;
	objects = {

/* Begin PBXBuildFile section */
		9C74BEA91EB0A36900A70185 /* NNavManageController.m in Sources */ = {isa = PBXBuildFile; fileRef = 9C74BEA81EB0A36900A70185 /* NNavManageController.m */; };
		9C74BEAC1EB0A3AE00A70185 /* NNavRepairController.m in Sources */ = {isa = PBXBuildFile; fileRef = 9C74BEAB1EB0A3AE00A70185 /* NNavRepairController.m */; };
		9C74BEAF1EB0A3C600A70185 /* NNavWorkController.m in Sources */ = {isa = PBXBuildFile; fileRef = 9C74BEAE1EB0A3C600A70185 /* NNavWorkController.m */; };
		9C74BEB21EB0A3D700A70185 /* NNavHomeController.m in Sources */ = {isa = PBXBuildFile; fileRef = 9C74BEB11EB0A3D700A70185 /* NNavHomeController.m */; };
		9C82F1A41EBAB8880024B3B1 /* RepairInfo.m in Sources */ = {isa = PBXBuildFile; fileRef = 9C82F1A31EBAB8880024B3B1 /* RepairInfo.m */; };
		9C82F1A81EBAB8C60024B3B1 /* RepairInfoCell.m in Sources */ = {isa = PBXBuildFile; fileRef = 9C82F1A61EBAB8C60024B3B1 /* RepairInfoCell.m */; };
		9C82F1A91EBAB8C60024B3B1 /* RepairInfoCell.xib in Resources */ = {isa = PBXBuildFile; fileRef = 9C82F1A71EBAB8C60024B3B1 /* RepairInfoCell.xib */; };
		9C82F1AC1EBACB320024B3B1 /* ManageInfo.m in Sources */ = {isa = PBXBuildFile; fileRef = 9C82F1AB1EBACB320024B3B1 /* ManageInfo.m */; };
		9C82F1B01EBACB660024B3B1 /* ManageInfoCell.m in Sources */ = {isa = PBXBuildFile; fileRef = 9C82F1AE1EBACB660024B3B1 /* ManageInfoCell.m */; };
		9C82F1B11EBACB660024B3B1 /* ManageInfoCell.xib in Resources */ = {isa = PBXBuildFile; fileRef = 9C82F1AF1EBACB660024B3B1 /* ManageInfoCell.xib */; };
		9CB088CE1EB1C6BF002E5D50 /* NHomeController.m in Sources */ = {isa = PBXBuildFile; fileRef = 9CB088CC1EB1C6BF002E5D50 /* NHomeController.m */; };
		9CB088CF1EB1C6BF002E5D50 /* NHomeController.xib in Resources */ = {isa = PBXBuildFile; fileRef = 9CB088CD1EB1C6BF002E5D50 /* NHomeController.xib */; };
		9CB088F91EB1EFF7002E5D50 /* AFHTTPSessionManager.m in Sources */ = {isa = PBXBuildFile; fileRef = 9CB088D21EB1EFF7002E5D50 /* AFHTTPSessionManager.m */; };
		9CB088FA1EB1EFF7002E5D50 /* AFNetworkReachabilityManager.m in Sources */ = {isa = PBXBuildFile; fileRef = 9CB088D51EB1EFF7002E5D50 /* AFNetworkReachabilityManager.m */; };
		9CB088FB1EB1EFF7002E5D50 /* AFSecurityPolicy.m in Sources */ = {isa = PBXBuildFile; fileRef = 9CB088D71EB1EFF7002E5D50 /* AFSecurityPolicy.m */; };
		9CB088FC1EB1EFF7002E5D50 /* AFURLRequestSerialization.m in Sources */ = {isa = PBXBuildFile; fileRef = 9CB088D91EB1EFF7002E5D50 /* AFURLRequestSerialization.m */; };
		9CB088FD1EB1EFF7002E5D50 /* AFURLResponseSerialization.m in Sources */ = {isa = PBXBuildFile; fileRef = 9CB088DB1EB1EFF7002E5D50 /* AFURLResponseSerialization.m */; };
		9CB088FE1EB1EFF7002E5D50 /* AFURLSessionManager.m in Sources */ = {isa = PBXBuildFile; fileRef = 9CB088DD1EB1EFF7002E5D50 /* AFURLSessionManager.m */; };
		9CB089021EB1EFF7002E5D50 /* AFAutoPurgingImageCache.m in Sources */ = {isa = PBXBuildFile; fileRef = 9CB088E61EB1EFF7002E5D50 /* AFAutoPurgingImageCache.m */; };
		9CB089031EB1EFF7002E5D50 /* AFImageDownloader.m in Sources */ = {isa = PBXBuildFile; fileRef = 9CB088E81EB1EFF7002E5D50 /* AFImageDownloader.m */; };
		9CB089041EB1EFF7002E5D50 /* AFNetworkActivityIndicatorManager.m in Sources */ = {isa = PBXBuildFile; fileRef = 9CB088EA1EB1EFF7002E5D50 /* AFNetworkActivityIndicatorManager.m */; };
		9CB089051EB1EFF7002E5D50 /* UIActivityIndicatorView+AFNetworking.m in Sources */ = {isa = PBXBuildFile; fileRef = 9CB088EC1EB1EFF7002E5D50 /* UIActivityIndicatorView+AFNetworking.m */; };
		9CB089061EB1EFF7002E5D50 /* UIButton+AFNetworking.m in Sources */ = {isa = PBXBuildFile; fileRef = 9CB088EE1EB1EFF7002E5D50 /* UIButton+AFNetworking.m */; };
		9CB089071EB1EFF7002E5D50 /* UIImageView+AFNetworking.m in Sources */ = {isa = PBXBuildFile; fileRef = 9CB088F11EB1EFF7002E5D50 /* UIImageView+AFNetworking.m */; };
		9CB089081EB1EFF7002E5D50 /* UIProgressView+AFNetworking.m in Sources */ = {isa = PBXBuildFile; fileRef = 9CB088F41EB1EFF7002E5D50 /* UIProgressView+AFNetworking.m */; };
		9CB089091EB1EFF7002E5D50 /* UIRefreshControl+AFNetworking.m in Sources */ = {isa = PBXBuildFile; fileRef = 9CB088F61EB1EFF7002E5D50 /* UIRefreshControl+AFNetworking.m */; };
		9CB0890A1EB1EFF7002E5D50 /* UIWebView+AFNetworking.m in Sources */ = {isa = PBXBuildFile; fileRef = 9CB088F81EB1EFF7002E5D50 /* UIWebView+AFNetworking.m */; };
		9CB0890D1EB1F6A2002E5D50 /* WorksInfo.m in Sources */ = {isa = PBXBuildFile; fileRef = 9CB0890C1EB1F6A2002E5D50 /* WorksInfo.m */; };
		9CB089531EB1FE0C002E5D50 /* MBProgressHUD+MJ.m in Sources */ = {isa = PBXBuildFile; fileRef = 9CB0894F1EB1FE0C002E5D50 /* MBProgressHUD+MJ.m */; };
		9CB089541EB1FE0C002E5D50 /* MBProgressHUD.bundle in Resources */ = {isa = PBXBuildFile; fileRef = 9CB089501EB1FE0C002E5D50 /* MBProgressHUD.bundle */; };
		9CB089551EB1FE0C002E5D50 /* MBProgressHUD.m in Sources */ = {isa = PBXBuildFile; fileRef = 9CB089521EB1FE0C002E5D50 /* MBProgressHUD.m */; };
		9CB4C2201EBC714000180A48 /* NSubWorkController.m in Sources */ = {isa = PBXBuildFile; fileRef = 9CB4C21F1EBC714000180A48 /* NSubWorkController.m */; };
		9CB4C2231EBC728D00180A48 /* NBaseInfoController.m in Sources */ = {isa = PBXBuildFile; fileRef = 9CB4C2221EBC728D00180A48 /* NBaseInfoController.m */; };
		9CB4C2261EBC72AD00180A48 /* NPictureController.m in Sources */ = {isa = PBXBuildFile; fileRef = 9CB4C2251EBC72AD00180A48 /* NPictureController.m */; };
		9CB4C2291EBC72FF00180A48 /* NRepairRecordController.m in Sources */ = {isa = PBXBuildFile; fileRef = 9CB4C2281EBC72FF00180A48 /* NRepairRecordController.m */; };
		9CB4C22C1EBC732D00180A48 /* NManageRecordController.m in Sources */ = {isa = PBXBuildFile; fileRef = 9CB4C22B1EBC732D00180A48 /* NManageRecordController.m */; };
		9CD0DFDE1EB2DA8B00299212 /* WorkInfoCell.m in Sources */ = {isa = PBXBuildFile; fileRef = 9CD0DFDC1EB2DA8B00299212 /* WorkInfoCell.m */; };
		9CD0DFDF1EB2DA8B00299212 /* WorkInfoCell.xib in Resources */ = {isa = PBXBuildFile; fileRef = 9CD0DFDD1EB2DA8B00299212 /* WorkInfoCell.xib */; };
		9CF75D311EB038D000F7112D /* main.m in Sources */ = {isa = PBXBuildFile; fileRef = 9CF75D301EB038D000F7112D /* main.m */; };
		9CF75D341EB038D000F7112D /* AppDelegate.m in Sources */ = {isa = PBXBuildFile; fileRef = 9CF75D331EB038D000F7112D /* AppDelegate.m */; };
		9CF75D3A1EB038D000F7112D /* Main.storyboard in Resources */ = {isa = PBXBuildFile; fileRef = 9CF75D381EB038D000F7112D /* Main.storyboard */; };
		9CF75D3C1EB038D000F7112D /* Assets.xcassets in Resources */ = {isa = PBXBuildFile; fileRef = 9CF75D3B1EB038D000F7112D /* Assets.xcassets */; };
		9CF75D3F1EB038D000F7112D /* LaunchScreen.storyboard in Resources */ = {isa = PBXBuildFile; fileRef = 9CF75D3D1EB038D000F7112D /* LaunchScreen.storyboard */; };
		9CF75D4A1EB038D100F7112D /* xiaoNSTests.m in Sources */ = {isa = PBXBuildFile; fileRef = 9CF75D491EB038D100F7112D /* xiaoNSTests.m */; };
		9CF75D551EB038D100F7112D /* xiaoNSUITests.m in Sources */ = {isa = PBXBuildFile; fileRef = 9CF75D541EB038D100F7112D /* xiaoNSUITests.m */; };
		9CF75D7F1EB03E8A00F7112D /* NLoginController.m in Sources */ = {isa = PBXBuildFile; fileRef = 9CF75D7D1EB03E8A00F7112D /* NLoginController.m */; };
		9CF75D801EB03E8A00F7112D /* NLoginController.xib in Resources */ = {isa = PBXBuildFile; fileRef = 9CF75D7E1EB03E8A00F7112D /* NLoginController.xib */; };
		9CF75D841EB03F4600F7112D /* NTabBarController.m in Sources */ = {isa = PBXBuildFile; fileRef = 9CF75D831EB03F4600F7112D /* NTabBarController.m */; };
		9CF75D8C1EB044B500F7112D /* NWorkController.m in Sources */ = {isa = PBXBuildFile; fileRef = 9CF75D8B1EB044B500F7112D /* NWorkController.m */; };
		9CF75D911EB0450B00F7112D /* NRepairController.m in Sources */ = {isa = PBXBuildFile; fileRef = 9CF75D901EB0450B00F7112D /* NRepairController.m */; };
		9CF75D941EB0452200F7112D /* NManageController.m in Sources */ = {isa = PBXBuildFile; fileRef = 9CF75D931EB0452200F7112D /* NManageController.m */; };
/* End PBXBuildFile section */

/* Begin PBXContainerItemProxy section */
		9CF75D461EB038D100F7112D /* PBXContainerItemProxy */ = {
			isa = PBXContainerItemProxy;
			containerPortal = 9CF75D241EB038D000F7112D /* Project object */;
			proxyType = 1;
			remoteGlobalIDString = 9CF75D2B1EB038D000F7112D;
			remoteInfo = xiaoNS;
		};
		9CF75D511EB038D100F7112D /* PBXContainerItemProxy */ = {
			isa = PBXContainerItemProxy;
			containerPortal = 9CF75D241EB038D000F7112D /* Project object */;
			proxyType = 1;
			remoteGlobalIDString = 9CF75D2B1EB038D000F7112D;
			remoteInfo = xiaoNS;
		};
/* End PBXContainerItemProxy section */

/* Begin PBXFileReference section */
		9C74BEA71EB0A36900A70185 /* NNavManageController.h */ = {isa = PBXFileReference; fileEncoding = 4; lastKnownFileType = sourcecode.c.h; path = NNavManageController.h; sourceTree = "<group>"; };
		9C74BEA81EB0A36900A70185 /* NNavManageController.m */ = {isa = PBXFileReference; fileEncoding = 4; lastKnownFileType = sourcecode.c.objc; path = NNavManageController.m; sourceTree = "<group>"; };
		9C74BEAA1EB0A3AE00A70185 /* NNavRepairController.h */ = {isa = PBXFileReference; fileEncoding = 4; lastKnownFileType = sourcecode.c.h; path = NNavRepairController.h; sourceTree = "<group>"; };
		9C74BEAB1EB0A3AE00A70185 /* NNavRepairController.m */ = {isa = PBXFileReference; fileEncoding = 4; lastKnownFileType = sourcecode.c.objc; path = NNavRepairController.m; sourceTree = "<group>"; };
		9C74BEAD1EB0A3C600A70185 /* NNavWorkController.h */ = {isa = PBXFileReference; fileEncoding = 4; lastKnownFileType = sourcecode.c.h; path = NNavWorkController.h; sourceTree = "<group>"; };
		9C74BEAE1EB0A3C600A70185 /* NNavWorkController.m */ = {isa = PBXFileReference; fileEncoding = 4; lastKnownFileType = sourcecode.c.objc; path = NNavWorkController.m; sourceTree = "<group>"; };
		9C74BEB01EB0A3D700A70185 /* NNavHomeController.h */ = {isa = PBXFileReference; fileEncoding = 4; lastKnownFileType = sourcecode.c.h; path = NNavHomeController.h; sourceTree = "<group>"; };
		9C74BEB11EB0A3D700A70185 /* NNavHomeController.m */ = {isa = PBXFileReference; fileEncoding = 4; lastKnownFileType = sourcecode.c.objc; path = NNavHomeController.m; sourceTree = "<group>"; };
		9C82F1A21EBAB8880024B3B1 /* RepairInfo.h */ = {isa = PBXFileReference; fileEncoding = 4; lastKnownFileType = sourcecode.c.h; path = RepairInfo.h; sourceTree = "<group>"; };
		9C82F1A31EBAB8880024B3B1 /* RepairInfo.m */ = {isa = PBXFileReference; fileEncoding = 4; lastKnownFileType = sourcecode.c.objc; path = RepairInfo.m; sourceTree = "<group>"; };
		9C82F1A51EBAB8C60024B3B1 /* RepairInfoCell.h */ = {isa = PBXFileReference; fileEncoding = 4; lastKnownFileType = sourcecode.c.h; path = RepairInfoCell.h; sourceTree = "<group>"; };
		9C82F1A61EBAB8C60024B3B1 /* RepairInfoCell.m */ = {isa = PBXFileReference; fileEncoding = 4; lastKnownFileType = sourcecode.c.objc; path = RepairInfoCell.m; sourceTree = "<group>"; };
		9C82F1A71EBAB8C60024B3B1 /* RepairInfoCell.xib */ = {isa = PBXFileReference; fileEncoding = 4; lastKnownFileType = file.xib; path = RepairInfoCell.xib; sourceTree = "<group>"; };
		9C82F1AA1EBACB320024B3B1 /* ManageInfo.h */ = {isa = PBXFileReference; fileEncoding = 4; lastKnownFileType = sourcecode.c.h; path = ManageInfo.h; sourceTree = "<group>"; };
		9C82F1AB1EBACB320024B3B1 /* ManageInfo.m */ = {isa = PBXFileReference; fileEncoding = 4; lastKnownFileType = sourcecode.c.objc; path = ManageInfo.m; sourceTree = "<group>"; };
		9C82F1AD1EBACB660024B3B1 /* ManageInfoCell.h */ = {isa = PBXFileReference; fileEncoding = 4; lastKnownFileType = sourcecode.c.h; path = ManageInfoCell.h; sourceTree = "<group>"; };
		9C82F1AE1EBACB660024B3B1 /* ManageInfoCell.m */ = {isa = PBXFileReference; fileEncoding = 4; lastKnownFileType = sourcecode.c.objc; path = ManageInfoCell.m; sourceTree = "<group>"; };
		9C82F1AF1EBACB660024B3B1 /* ManageInfoCell.xib */ = {isa = PBXFileReference; fileEncoding = 4; lastKnownFileType = file.xib; path = ManageInfoCell.xib; sourceTree = "<group>"; };
		9CB088CB1EB1C6BF002E5D50 /* NHomeController.h */ = {isa = PBXFileReference; fileEncoding = 4; lastKnownFileType = sourcecode.c.h; path = NHomeController.h; sourceTree = "<group>"; };
		9CB088CC1EB1C6BF002E5D50 /* NHomeController.m */ = {isa = PBXFileReference; fileEncoding = 4; lastKnownFileType = sourcecode.c.objc; path = NHomeController.m; sourceTree = "<group>"; };
		9CB088CD1EB1C6BF002E5D50 /* NHomeController.xib */ = {isa = PBXFileReference; fileEncoding = 4; lastKnownFileType = file.xib; path = NHomeController.xib; sourceTree = "<group>"; };
		9CB088D11EB1EFF7002E5D50 /* AFHTTPSessionManager.h */ = {isa = PBXFileReference; fileEncoding = 4; lastKnownFileType = sourcecode.c.h; path = AFHTTPSessionManager.h; sourceTree = "<group>"; };
		9CB088D21EB1EFF7002E5D50 /* AFHTTPSessionManager.m */ = {isa = PBXFileReference; fileEncoding = 4; lastKnownFileType = sourcecode.c.objc; path = AFHTTPSessionManager.m; sourceTree = "<group>"; };
		9CB088D31EB1EFF7002E5D50 /* AFNetworking.h */ = {isa = PBXFileReference; fileEncoding = 4; lastKnownFileType = sourcecode.c.h; path = AFNetworking.h; sourceTree = "<group>"; };
		9CB088D41EB1EFF7002E5D50 /* AFNetworkReachabilityManager.h */ = {isa = PBXFileReference; fileEncoding = 4; lastKnownFileType = sourcecode.c.h; path = AFNetworkReachabilityManager.h; sourceTree = "<group>"; };
		9CB088D51EB1EFF7002E5D50 /* AFNetworkReachabilityManager.m */ = {isa = PBXFileReference; fileEncoding = 4; lastKnownFileType = sourcecode.c.objc; path = AFNetworkReachabilityManager.m; sourceTree = "<group>"; };
		9CB088D61EB1EFF7002E5D50 /* AFSecurityPolicy.h */ = {isa = PBXFileReference; fileEncoding = 4; lastKnownFileType = sourcecode.c.h; path = AFSecurityPolicy.h; sourceTree = "<group>"; };
		9CB088D71EB1EFF7002E5D50 /* AFSecurityPolicy.m */ = {isa = PBXFileReference; fileEncoding = 4; lastKnownFileType = sourcecode.c.objc; path = AFSecurityPolicy.m; sourceTree = "<group>"; };
		9CB088D81EB1EFF7002E5D50 /* AFURLRequestSerialization.h */ = {isa = PBXFileReference; fileEncoding = 4; lastKnownFileType = sourcecode.c.h; path = AFURLRequestSerialization.h; sourceTree = "<group>"; };
		9CB088D91EB1EFF7002E5D50 /* AFURLRequestSerialization.m */ = {isa = PBXFileReference; fileEncoding = 4; lastKnownFileType = sourcecode.c.objc; path = AFURLRequestSerialization.m; sourceTree = "<group>"; };
		9CB088DA1EB1EFF7002E5D50 /* AFURLResponseSerialization.h */ = {isa = PBXFileReference; fileEncoding = 4; lastKnownFileType = sourcecode.c.h; path = AFURLResponseSerialization.h; sourceTree = "<group>"; };
		9CB088DB1EB1EFF7002E5D50 /* AFURLResponseSerialization.m */ = {isa = PBXFileReference; fileEncoding = 4; lastKnownFileType = sourcecode.c.objc; path = AFURLResponseSerialization.m; sourceTree = "<group>"; };
		9CB088DC1EB1EFF7002E5D50 /* AFURLSessionManager.h */ = {isa = PBXFileReference; fileEncoding = 4; lastKnownFileType = sourcecode.c.h; path = AFURLSessionManager.h; sourceTree = "<group>"; };
		9CB088DD1EB1EFF7002E5D50 /* AFURLSessionManager.m */ = {isa = PBXFileReference; fileEncoding = 4; lastKnownFileType = sourcecode.c.objc; path = AFURLSessionManager.m; sourceTree = "<group>"; };
		9CB088E51EB1EFF7002E5D50 /* AFAutoPurgingImageCache.h */ = {isa = PBXFileReference; fileEncoding = 4; lastKnownFileType = sourcecode.c.h; path = AFAutoPurgingImageCache.h; sourceTree = "<group>"; };
		9CB088E61EB1EFF7002E5D50 /* AFAutoPurgingImageCache.m */ = {isa = PBXFileReference; fileEncoding = 4; lastKnownFileType = sourcecode.c.objc; path = AFAutoPurgingImageCache.m; sourceTree = "<group>"; };
		9CB088E71EB1EFF7002E5D50 /* AFImageDownloader.h */ = {isa = PBXFileReference; fileEncoding = 4; lastKnownFileType = sourcecode.c.h; path = AFImageDownloader.h; sourceTree = "<group>"; };
		9CB088E81EB1EFF7002E5D50 /* AFImageDownloader.m */ = {isa = PBXFileReference; fileEncoding = 4; lastKnownFileType = sourcecode.c.objc; path = AFImageDownloader.m; sourceTree = "<group>"; };
		9CB088E91EB1EFF7002E5D50 /* AFNetworkActivityIndicatorManager.h */ = {isa = PBXFileReference; fileEncoding = 4; lastKnownFileType = sourcecode.c.h; path = AFNetworkActivityIndicatorManager.h; sourceTree = "<group>"; };
		9CB088EA1EB1EFF7002E5D50 /* AFNetworkActivityIndicatorManager.m */ = {isa = PBXFileReference; fileEncoding = 4; lastKnownFileType = sourcecode.c.objc; path = AFNetworkActivityIndicatorManager.m; sourceTree = "<group>"; };
		9CB088EB1EB1EFF7002E5D50 /* UIActivityIndicatorView+AFNetworking.h */ = {isa = PBXFileReference; fileEncoding = 4; lastKnownFileType = sourcecode.c.h; path = "UIActivityIndicatorView+AFNetworking.h"; sourceTree = "<group>"; };
		9CB088EC1EB1EFF7002E5D50 /* UIActivityIndicatorView+AFNetworking.m */ = {isa = PBXFileReference; fileEncoding = 4; lastKnownFileType = sourcecode.c.objc; path = "UIActivityIndicatorView+AFNetworking.m"; sourceTree = "<group>"; };
		9CB088ED1EB1EFF7002E5D50 /* UIButton+AFNetworking.h */ = {isa = PBXFileReference; fileEncoding = 4; lastKnownFileType = sourcecode.c.h; path = "UIButton+AFNetworking.h"; sourceTree = "<group>"; };
		9CB088EE1EB1EFF7002E5D50 /* UIButton+AFNetworking.m */ = {isa = PBXFileReference; fileEncoding = 4; lastKnownFileType = sourcecode.c.objc; path = "UIButton+AFNetworking.m"; sourceTree = "<group>"; };
		9CB088EF1EB1EFF7002E5D50 /* UIImage+AFNetworking.h */ = {isa = PBXFileReference; fileEncoding = 4; lastKnownFileType = sourcecode.c.h; path = "UIImage+AFNetworking.h"; sourceTree = "<group>"; };
		9CB088F01EB1EFF7002E5D50 /* UIImageView+AFNetworking.h */ = {isa = PBXFileReference; fileEncoding = 4; lastKnownFileType = sourcecode.c.h; path = "UIImageView+AFNetworking.h"; sourceTree = "<group>"; };
		9CB088F11EB1EFF7002E5D50 /* UIImageView+AFNetworking.m */ = {isa = PBXFileReference; fileEncoding = 4; lastKnownFileType = sourcecode.c.objc; path = "UIImageView+AFNetworking.m"; sourceTree = "<group>"; };
		9CB088F21EB1EFF7002E5D50 /* UIKit+AFNetworking.h */ = {isa = PBXFileReference; fileEncoding = 4; lastKnownFileType = sourcecode.c.h; path = "UIKit+AFNetworking.h"; sourceTree = "<group>"; };
		9CB088F31EB1EFF7002E5D50 /* UIProgressView+AFNetworking.h */ = {isa = PBXFileReference; fileEncoding = 4; lastKnownFileType = sourcecode.c.h; path = "UIProgressView+AFNetworking.h"; sourceTree = "<group>"; };
		9CB088F41EB1EFF7002E5D50 /* UIProgressView+AFNetworking.m */ = {isa = PBXFileReference; fileEncoding = 4; lastKnownFileType = sourcecode.c.objc; path = "UIProgressView+AFNetworking.m"; sourceTree = "<group>"; };
		9CB088F51EB1EFF7002E5D50 /* UIRefreshControl+AFNetworking.h */ = {isa = PBXFileReference; fileEncoding = 4; lastKnownFileType = sourcecode.c.h; path = "UIRefreshControl+AFNetworking.h"; sourceTree = "<group>"; };
		9CB088F61EB1EFF7002E5D50 /* UIRefreshControl+AFNetworking.m */ = {isa = PBXFileReference; fileEncoding = 4; lastKnownFileType = sourcecode.c.objc; path = "UIRefreshControl+AFNetworking.m"; sourceTree = "<group>"; };
		9CB088F71EB1EFF7002E5D50 /* UIWebView+AFNetworking.h */ = {isa = PBXFileReference; fileEncoding = 4; lastKnownFileType = sourcecode.c.h; path = "UIWebView+AFNetworking.h"; sourceTree = "<group>"; };
		9CB088F81EB1EFF7002E5D50 /* UIWebView+AFNetworking.m */ = {isa = PBXFileReference; fileEncoding = 4; lastKnownFileType = sourcecode.c.objc; path = "UIWebView+AFNetworking.m"; sourceTree = "<group>"; };
		9CB0890B1EB1F6A2002E5D50 /* WorksInfo.h */ = {isa = PBXFileReference; fileEncoding = 4; lastKnownFileType = sourcecode.c.h; path = WorksInfo.h; sourceTree = "<group>"; };
		9CB0890C1EB1F6A2002E5D50 /* WorksInfo.m */ = {isa = PBXFileReference; fileEncoding = 4; lastKnownFileType = sourcecode.c.objc; path = WorksInfo.m; sourceTree = "<group>"; };
		9CB0894E1EB1FE0C002E5D50 /* MBProgressHUD+MJ.h */ = {isa = PBXFileReference; fileEncoding = 4; lastKnownFileType = sourcecode.c.h; path = "MBProgressHUD+MJ.h"; sourceTree = "<group>"; };
		9CB0894F1EB1FE0C002E5D50 /* MBProgressHUD+MJ.m */ = {isa = PBXFileReference; fileEncoding = 4; lastKnownFileType = sourcecode.c.objc; path = "MBProgressHUD+MJ.m"; sourceTree = "<group>"; };
		9CB089501EB1FE0C002E5D50 /* MBProgressHUD.bundle */ = {isa = PBXFileReference; lastKnownFileType = "wrapper.plug-in"; path = MBProgressHUD.bundle; sourceTree = "<group>"; };
		9CB089511EB1FE0C002E5D50 /* MBProgressHUD.h */ = {isa = PBXFileReference; fileEncoding = 4; lastKnownFileType = sourcecode.c.h; path = MBProgressHUD.h; sourceTree = "<group>"; };
		9CB089521EB1FE0C002E5D50 /* MBProgressHUD.m */ = {isa = PBXFileReference; fileEncoding = 4; lastKnownFileType = sourcecode.c.objc; path = MBProgressHUD.m; sourceTree = "<group>"; };
		9CB4C21E1EBC714000180A48 /* NSubWorkController.h */ = {isa = PBXFileReference; fileEncoding = 4; lastKnownFileType = sourcecode.c.h; path = NSubWorkController.h; sourceTree = "<group>"; };
		9CB4C21F1EBC714000180A48 /* NSubWorkController.m */ = {isa = PBXFileReference; fileEncoding = 4; lastKnownFileType = sourcecode.c.objc; path = NSubWorkController.m; sourceTree = "<group>"; };
		9CB4C2211EBC728D00180A48 /* NBaseInfoController.h */ = {isa = PBXFileReference; fileEncoding = 4; lastKnownFileType = sourcecode.c.h; path = NBaseInfoController.h; sourceTree = "<group>"; };
		9CB4C2221EBC728D00180A48 /* NBaseInfoController.m */ = {isa = PBXFileReference; fileEncoding = 4; lastKnownFileType = sourcecode.c.objc; path = NBaseInfoController.m; sourceTree = "<group>"; };
		9CB4C2241EBC72AD00180A48 /* NPictureController.h */ = {isa = PBXFileReference; fileEncoding = 4; lastKnownFileType = sourcecode.c.h; path = NPictureController.h; sourceTree = "<group>"; };
		9CB4C2251EBC72AD00180A48 /* NPictureController.m */ = {isa = PBXFileReference; fileEncoding = 4; lastKnownFileType = sourcecode.c.objc; path = NPictureController.m; sourceTree = "<group>"; };
		9CB4C2271EBC72FF00180A48 /* NRepairRecordController.h */ = {isa = PBXFileReference; fileEncoding = 4; lastKnownFileType = sourcecode.c.h; path = NRepairRecordController.h; sourceTree = "<group>"; };
		9CB4C2281EBC72FF00180A48 /* NRepairRecordController.m */ = {isa = PBXFileReference; fileEncoding = 4; lastKnownFileType = sourcecode.c.objc; path = NRepairRecordController.m; sourceTree = "<group>"; };
		9CB4C22A1EBC732D00180A48 /* NManageRecordController.h */ = {isa = PBXFileReference; fileEncoding = 4; lastKnownFileType = sourcecode.c.h; path = NManageRecordController.h; sourceTree = "<group>"; };
		9CB4C22B1EBC732D00180A48 /* NManageRecordController.m */ = {isa = PBXFileReference; fileEncoding = 4; lastKnownFileType = sourcecode.c.objc; path = NManageRecordController.m; sourceTree = "<group>"; };
		9CD0DFDB1EB2DA8B00299212 /* WorkInfoCell.h */ = {isa = PBXFileReference; fileEncoding = 4; lastKnownFileType = sourcecode.c.h; path = WorkInfoCell.h; sourceTree = "<group>"; };
		9CD0DFDC1EB2DA8B00299212 /* WorkInfoCell.m */ = {isa = PBXFileReference; fileEncoding = 4; lastKnownFileType = sourcecode.c.objc; path = WorkInfoCell.m; sourceTree = "<group>"; };
		9CD0DFDD1EB2DA8B00299212 /* WorkInfoCell.xib */ = {isa = PBXFileReference; fileEncoding = 4; lastKnownFileType = file.xib; path = WorkInfoCell.xib; sourceTree = "<group>"; };
		9CF75D2C1EB038D000F7112D /* xiaoNS.app */ = {isa = PBXFileReference; explicitFileType = wrapper.application; includeInIndex = 0; path = xiaoNS.app; sourceTree = BUILT_PRODUCTS_DIR; };
		9CF75D301EB038D000F7112D /* main.m */ = {isa = PBXFileReference; lastKnownFileType = sourcecode.c.objc; path = main.m; sourceTree = "<group>"; };
		9CF75D321EB038D000F7112D /* AppDelegate.h */ = {isa = PBXFileReference; lastKnownFileType = sourcecode.c.h; path = AppDelegate.h; sourceTree = "<group>"; };
		9CF75D331EB038D000F7112D /* AppDelegate.m */ = {isa = PBXFileReference; lastKnownFileType = sourcecode.c.objc; path = AppDelegate.m; sourceTree = "<group>"; };
		9CF75D391EB038D000F7112D /* Base */ = {isa = PBXFileReference; lastKnownFileType = file.storyboard; name = Base; path = Base.lproj/Main.storyboard; sourceTree = "<group>"; };
		9CF75D3B1EB038D000F7112D /* Assets.xcassets */ = {isa = PBXFileReference; lastKnownFileType = folder.assetcatalog; path = Assets.xcassets; sourceTree = "<group>"; };
		9CF75D3E1EB038D000F7112D /* Base */ = {isa = PBXFileReference; lastKnownFileType = file.storyboard; name = Base; path = Base.lproj/LaunchScreen.storyboard; sourceTree = "<group>"; };
		9CF75D401EB038D000F7112D /* Info.plist */ = {isa = PBXFileReference; lastKnownFileType = text.plist.xml; path = Info.plist; sourceTree = "<group>"; };
		9CF75D451EB038D100F7112D /* xiaoNSTests.xctest */ = {isa = PBXFileReference; explicitFileType = wrapper.cfbundle; includeInIndex = 0; path = xiaoNSTests.xctest; sourceTree = BUILT_PRODUCTS_DIR; };
		9CF75D491EB038D100F7112D /* xiaoNSTests.m */ = {isa = PBXFileReference; lastKnownFileType = sourcecode.c.objc; path = xiaoNSTests.m; sourceTree = "<group>"; };
		9CF75D4B1EB038D100F7112D /* Info.plist */ = {isa = PBXFileReference; lastKnownFileType = text.plist.xml; path = Info.plist; sourceTree = "<group>"; };
		9CF75D501EB038D100F7112D /* xiaoNSUITests.xctest */ = {isa = PBXFileReference; explicitFileType = wrapper.cfbundle; includeInIndex = 0; path = xiaoNSUITests.xctest; sourceTree = BUILT_PRODUCTS_DIR; };
		9CF75D541EB038D100F7112D /* xiaoNSUITests.m */ = {isa = PBXFileReference; lastKnownFileType = sourcecode.c.objc; path = xiaoNSUITests.m; sourceTree = "<group>"; };
		9CF75D561EB038D100F7112D /* Info.plist */ = {isa = PBXFileReference; lastKnownFileType = text.plist.xml; path = Info.plist; sourceTree = "<group>"; };
		9CF75D7C1EB03E8A00F7112D /* NLoginController.h */ = {isa = PBXFileReference; fileEncoding = 4; lastKnownFileType = sourcecode.c.h; path = NLoginController.h; sourceTree = "<group>"; };
		9CF75D7D1EB03E8A00F7112D /* NLoginController.m */ = {isa = PBXFileReference; fileEncoding = 4; lastKnownFileType = sourcecode.c.objc; path = NLoginController.m; sourceTree = "<group>"; };
		9CF75D7E1EB03E8A00F7112D /* NLoginController.xib */ = {isa = PBXFileReference; fileEncoding = 4; lastKnownFileType = file.xib; path = NLoginController.xib; sourceTree = "<group>"; };
		9CF75D821EB03F4600F7112D /* NTabBarController.h */ = {isa = PBXFileReference; fileEncoding = 4; lastKnownFileType = sourcecode.c.h; path = NTabBarController.h; sourceTree = "<group>"; };
		9CF75D831EB03F4600F7112D /* NTabBarController.m */ = {isa = PBXFileReference; fileEncoding = 4; lastKnownFileType = sourcecode.c.objc; path = NTabBarController.m; sourceTree = "<group>"; };
		9CF75D8A1EB044B500F7112D /* NWorkController.h */ = {isa = PBXFileReference; fileEncoding = 4; lastKnownFileType = sourcecode.c.h; path = NWorkController.h; sourceTree = "<group>"; };
		9CF75D8B1EB044B500F7112D /* NWorkController.m */ = {isa = PBXFileReference; fileEncoding = 4; lastKnownFileType = sourcecode.c.objc; path = NWorkController.m; sourceTree = "<group>"; };
		9CF75D8F1EB0450B00F7112D /* NRepairController.h */ = {isa = PBXFileReference; fileEncoding = 4; lastKnownFileType = sourcecode.c.h; path = NRepairController.h; sourceTree = "<group>"; };
		9CF75D901EB0450B00F7112D /* NRepairController.m */ = {isa = PBXFileReference; fileEncoding = 4; lastKnownFileType = sourcecode.c.objc; path = NRepairController.m; sourceTree = "<group>"; };
		9CF75D921EB0452200F7112D /* NManageController.h */ = {isa = PBXFileReference; fileEncoding = 4; lastKnownFileType = sourcecode.c.h; path = NManageController.h; sourceTree = "<group>"; };
		9CF75D931EB0452200F7112D /* NManageController.m */ = {isa = PBXFileReference; fileEncoding = 4; lastKnownFileType = sourcecode.c.objc; path = NManageController.m; sourceTree = "<group>"; };
/* End PBXFileReference section */

/* Begin PBXFrameworksBuildPhase section */
		9CF75D291EB038D000F7112D /* Frameworks */ = {
			isa = PBXFrameworksBuildPhase;
			buildActionMask = 2147483647;
			files = (
			);
			runOnlyForDeploymentPostprocessing = 0;
		};
		9CF75D421EB038D100F7112D /* Frameworks */ = {
			isa = PBXFrameworksBuildPhase;
			buildActionMask = 2147483647;
			files = (
			);
			runOnlyForDeploymentPostprocessing = 0;
		};
		9CF75D4D1EB038D100F7112D /* Frameworks */ = {
			isa = PBXFrameworksBuildPhase;
			buildActionMask = 2147483647;
			files = (
			);
			runOnlyForDeploymentPostprocessing = 0;
		};
/* End PBXFrameworksBuildPhase section */

/* Begin PBXGroup section */
		9C74BEA61EB094AF00A70185 /* navbar */ = {
			isa = PBXGroup;
			children = (
			);
			name = navbar;
			sourceTree = "<group>";
		};
		9CB088D01EB1EFF7002E5D50 /* AFNetworking */ = {
			isa = PBXGroup;
			children = (
				9CB088D11EB1EFF7002E5D50 /* AFHTTPSessionManager.h */,
				9CB088D21EB1EFF7002E5D50 /* AFHTTPSessionManager.m */,
				9CB088D31EB1EFF7002E5D50 /* AFNetworking.h */,
				9CB088D41EB1EFF7002E5D50 /* AFNetworkReachabilityManager.h */,
				9CB088D51EB1EFF7002E5D50 /* AFNetworkReachabilityManager.m */,
				9CB088D61EB1EFF7002E5D50 /* AFSecurityPolicy.h */,
				9CB088D71EB1EFF7002E5D50 /* AFSecurityPolicy.m */,
				9CB088D81EB1EFF7002E5D50 /* AFURLRequestSerialization.h */,
				9CB088D91EB1EFF7002E5D50 /* AFURLRequestSerialization.m */,
				9CB088DA1EB1EFF7002E5D50 /* AFURLResponseSerialization.h */,
				9CB088DB1EB1EFF7002E5D50 /* AFURLResponseSerialization.m */,
				9CB088DC1EB1EFF7002E5D50 /* AFURLSessionManager.h */,
				9CB088DD1EB1EFF7002E5D50 /* AFURLSessionManager.m */,
			);
			name = AFNetworking;
			path = ../../tools/AFNetworking;
			sourceTree = "<group>";
		};
		9CB088E41EB1EFF7002E5D50 /* UIKit+AFNetworking */ = {
			isa = PBXGroup;
			children = (
				9CB088E51EB1EFF7002E5D50 /* AFAutoPurgingImageCache.h */,
				9CB088E61EB1EFF7002E5D50 /* AFAutoPurgingImageCache.m */,
				9CB088E71EB1EFF7002E5D50 /* AFImageDownloader.h */,
				9CB088E81EB1EFF7002E5D50 /* AFImageDownloader.m */,
				9CB088E91EB1EFF7002E5D50 /* AFNetworkActivityIndicatorManager.h */,
				9CB088EA1EB1EFF7002E5D50 /* AFNetworkActivityIndicatorManager.m */,
				9CB088EB1EB1EFF7002E5D50 /* UIActivityIndicatorView+AFNetworking.h */,
				9CB088EC1EB1EFF7002E5D50 /* UIActivityIndicatorView+AFNetworking.m */,
				9CB088ED1EB1EFF7002E5D50 /* UIButton+AFNetworking.h */,
				9CB088EE1EB1EFF7002E5D50 /* UIButton+AFNetworking.m */,
				9CB088EF1EB1EFF7002E5D50 /* UIImage+AFNetworking.h */,
				9CB088F01EB1EFF7002E5D50 /* UIImageView+AFNetworking.h */,
				9CB088F11EB1EFF7002E5D50 /* UIImageView+AFNetworking.m */,
				9CB088F21EB1EFF7002E5D50 /* UIKit+AFNetworking.h */,
				9CB088F31EB1EFF7002E5D50 /* UIProgressView+AFNetworking.h */,
				9CB088F41EB1EFF7002E5D50 /* UIProgressView+AFNetworking.m */,
				9CB088F51EB1EFF7002E5D50 /* UIRefreshControl+AFNetworking.h */,
				9CB088F61EB1EFF7002E5D50 /* UIRefreshControl+AFNetworking.m */,
				9CB088F71EB1EFF7002E5D50 /* UIWebView+AFNetworking.h */,
				9CB088F81EB1EFF7002E5D50 /* UIWebView+AFNetworking.m */,
			);
			name = "UIKit+AFNetworking";
			path = "../../tools/UIKit+AFNetworking";
			sourceTree = "<group>";
		};
		9CB0894D1EB1FE0C002E5D50 /* MBProgressHUD */ = {
			isa = PBXGroup;
			children = (
				9CB0894E1EB1FE0C002E5D50 /* MBProgressHUD+MJ.h */,
				9CB0894F1EB1FE0C002E5D50 /* MBProgressHUD+MJ.m */,
				9CB089501EB1FE0C002E5D50 /* MBProgressHUD.bundle */,
				9CB089511EB1FE0C002E5D50 /* MBProgressHUD.h */,
				9CB089521EB1FE0C002E5D50 /* MBProgressHUD.m */,
			);
			name = MBProgressHUD;
			path = ../../tools/MBProgressHUD;
			sourceTree = "<group>";
		};
		9CB4C21D1EBC704100180A48 /* subWork */ = {
			isa = PBXGroup;
			children = (
				9CB4C21E1EBC714000180A48 /* NSubWorkController.h */,
				9CB4C21F1EBC714000180A48 /* NSubWorkController.m */,
				9CB4C2211EBC728D00180A48 /* NBaseInfoController.h */,
				9CB4C2221EBC728D00180A48 /* NBaseInfoController.m */,
				9CB4C2241EBC72AD00180A48 /* NPictureController.h */,
				9CB4C2251EBC72AD00180A48 /* NPictureController.m */,
				9CB4C2271EBC72FF00180A48 /* NRepairRecordController.h */,
				9CB4C2281EBC72FF00180A48 /* NRepairRecordController.m */,
				9CB4C22A1EBC732D00180A48 /* NManageRecordController.h */,
				9CB4C22B1EBC732D00180A48 /* NManageRecordController.m */,
			);
			name = subWork;
			sourceTree = "<group>";
		};
		9CF75D231EB038D000F7112D = {
			isa = PBXGroup;
			children = (
				9CF75D2E1EB038D000F7112D /* xiaoNS */,
				9CF75D481EB038D100F7112D /* xiaoNSTests */,
				9CF75D531EB038D100F7112D /* xiaoNSUITests */,
				9CF75D2D1EB038D000F7112D /* Products */,
			);
			sourceTree = "<group>";
		};
		9CF75D2D1EB038D000F7112D /* Products */ = {
			isa = PBXGroup;
			children = (
				9CF75D2C1EB038D000F7112D /* xiaoNS.app */,
				9CF75D451EB038D100F7112D /* xiaoNSTests.xctest */,
				9CF75D501EB038D100F7112D /* xiaoNSUITests.xctest */,
			);
			name = Products;
			sourceTree = "<group>";
		};
		9CF75D2E1EB038D000F7112D /* xiaoNS */ = {
			isa = PBXGroup;
			children = (
				9CF75D641EB03C5700F7112D /* tools */,
				9CF75D631EB03C4F00F7112D /* other */,
				9CF75D621EB03C3800F7112D /* class */,
				9CF75D321EB038D000F7112D /* AppDelegate.h */,
				9CF75D331EB038D000F7112D /* AppDelegate.m */,
				9CF75D381EB038D000F7112D /* Main.storyboard */,
				9CF75D3B1EB038D000F7112D /* Assets.xcassets */,
				9CF75D3D1EB038D000F7112D /* LaunchScreen.storyboard */,
				9CF75D401EB038D000F7112D /* Info.plist */,
				9CF75D2F1EB038D000F7112D /* Supporting Files */,
			);
			path = xiaoNS;
			sourceTree = "<group>";
		};
		9CF75D2F1EB038D000F7112D /* Supporting Files */ = {
			isa = PBXGroup;
			children = (
				9CF75D301EB038D000F7112D /* main.m */,
			);
			name = "Supporting Files";
			sourceTree = "<group>";
		};
		9CF75D481EB038D100F7112D /* xiaoNSTests */ = {
			isa = PBXGroup;
			children = (
				9CF75D491EB038D100F7112D /* xiaoNSTests.m */,
				9CF75D4B1EB038D100F7112D /* Info.plist */,
			);
			path = xiaoNSTests;
			sourceTree = "<group>";
		};
		9CF75D531EB038D100F7112D /* xiaoNSUITests */ = {
			isa = PBXGroup;
			children = (
				9CF75D541EB038D100F7112D /* xiaoNSUITests.m */,
				9CF75D561EB038D100F7112D /* Info.plist */,
			);
			path = xiaoNSUITests;
			sourceTree = "<group>";
		};
		9CF75D621EB03C3800F7112D /* class */ = {
			isa = PBXGroup;
			children = (
				9CF75D791EB03CCD00F7112D /* model */,
				9CF75D7A1EB03CD900F7112D /* view */,
				9CF75D781EB03CC100F7112D /* controller */,
			);
			name = class;
			sourceTree = "<group>";
		};
		9CF75D631EB03C4F00F7112D /* other */ = {
			isa = PBXGroup;
			children = (
			);
			name = other;
			sourceTree = "<group>";
		};
		9CF75D641EB03C5700F7112D /* tools */ = {
			isa = PBXGroup;
			children = (
				9CB0894D1EB1FE0C002E5D50 /* MBProgressHUD */,
				9CB088D01EB1EFF7002E5D50 /* AFNetworking */,
				9CB088E41EB1EFF7002E5D50 /* UIKit+AFNetworking */,
			);
			name = tools;
			sourceTree = "<group>";
		};
		9CF75D781EB03CC100F7112D /* controller */ = {
			isa = PBXGroup;
			children = (
				9CF75D8E1EB044BB00F7112D /* manage */,
				9CF75D8D1EB044B900F7112D /* repair */,
				9CF75D891EB0449600F7112D /* work */,
				9CF75D851EB03FC000F7112D /* home */,
				9CF75D811EB03ED200F7112D /* tabbar */,
				9C74BEA61EB094AF00A70185 /* navbar */,
				9CF75D7B1EB03E4300F7112D /* login */,
			);
			name = controller;
			sourceTree = "<group>";
		};
		9CF75D791EB03CCD00F7112D /* model */ = {
			isa = PBXGroup;
			children = (
				9CB0890B1EB1F6A2002E5D50 /* WorksInfo.h */,
				9CB0890C1EB1F6A2002E5D50 /* WorksInfo.m */,
				9CD0DFDB1EB2DA8B00299212 /* WorkInfoCell.h */,
				9CD0DFDC1EB2DA8B00299212 /* WorkInfoCell.m */,
				9CD0DFDD1EB2DA8B00299212 /* WorkInfoCell.xib */,
				9C82F1A21EBAB8880024B3B1 /* RepairInfo.h */,
				9C82F1A31EBAB8880024B3B1 /* RepairInfo.m */,
				9C82F1A51EBAB8C60024B3B1 /* RepairInfoCell.h */,
				9C82F1A61EBAB8C60024B3B1 /* RepairInfoCell.m */,
				9C82F1A71EBAB8C60024B3B1 /* RepairInfoCell.xib */,
				9C82F1AA1EBACB320024B3B1 /* ManageInfo.h */,
				9C82F1AB1EBACB320024B3B1 /* ManageInfo.m */,
				9C82F1AD1EBACB660024B3B1 /* ManageInfoCell.h */,
				9C82F1AE1EBACB660024B3B1 /* ManageInfoCell.m */,
				9C82F1AF1EBACB660024B3B1 /* ManageInfoCell.xib */,
			);
			name = model;
			sourceTree = "<group>";
		};
		9CF75D7A1EB03CD900F7112D /* view */ = {
			isa = PBXGroup;
			children = (
			);
			name = view;
			sourceTree = "<group>";
		};
		9CF75D7B1EB03E4300F7112D /* login */ = {
			isa = PBXGroup;
			children = (
				9CF75D7C1EB03E8A00F7112D /* NLoginController.h */,
				9CF75D7D1EB03E8A00F7112D /* NLoginController.m */,
				9CF75D7E1EB03E8A00F7112D /* NLoginController.xib */,
			);
			name = login;
			sourceTree = "<group>";
		};
		9CF75D811EB03ED200F7112D /* tabbar */ = {
			isa = PBXGroup;
			children = (
				9CF75D821EB03F4600F7112D /* NTabBarController.h */,
				9CF75D831EB03F4600F7112D /* NTabBarController.m */,
			);
			name = tabbar;
			sourceTree = "<group>";
		};
		9CF75D851EB03FC000F7112D /* home */ = {
			isa = PBXGroup;
			children = (
				9C74BEB01EB0A3D700A70185 /* NNavHomeController.h */,
				9C74BEB11EB0A3D700A70185 /* NNavHomeController.m */,
				9CB088CB1EB1C6BF002E5D50 /* NHomeController.h */,
				9CB088CC1EB1C6BF002E5D50 /* NHomeController.m */,
				9CB088CD1EB1C6BF002E5D50 /* NHomeController.xib */,
			);
			name = home;
			sourceTree = "<group>";
		};
		9CF75D891EB0449600F7112D /* work */ = {
			isa = PBXGroup;
			children = (
				9C74BEAD1EB0A3C600A70185 /* NNavWorkController.h */,
				9C74BEAE1EB0A3C600A70185 /* NNavWorkController.m */,
				9CF75D8A1EB044B500F7112D /* NWorkController.h */,
				9CF75D8B1EB044B500F7112D /* NWorkController.m */,
				9CB4C21D1EBC704100180A48 /* subWork */,
			);
			name = work;
			sourceTree = "<group>";
		};
		9CF75D8D1EB044B900F7112D /* repair */ = {
			isa = PBXGroup;
			children = (
				9C74BEAA1EB0A3AE00A70185 /* NNavRepairController.h */,
				9C74BEAB1EB0A3AE00A70185 /* NNavRepairController.m */,
				9CF75D8F1EB0450B00F7112D /* NRepairController.h */,
				9CF75D901EB0450B00F7112D /* NRepairController.m */,
			);
			name = repair;
			sourceTree = "<group>";
		};
		9CF75D8E1EB044BB00F7112D /* manage */ = {
			isa = PBXGroup;
			children = (
				9C74BEA71EB0A36900A70185 /* NNavManageController.h */,
				9C74BEA81EB0A36900A70185 /* NNavManageController.m */,
				9CF75D921EB0452200F7112D /* NManageController.h */,
				9CF75D931EB0452200F7112D /* NManageController.m */,
			);
			name = manage;
			sourceTree = "<group>";
		};
/* End PBXGroup section */

/* Begin PBXNativeTarget section */
		9CF75D2B1EB038D000F7112D /* xiaoNS */ = {
			isa = PBXNativeTarget;
			buildConfigurationList = 9CF75D591EB038D100F7112D /* Build configuration list for PBXNativeTarget "xiaoNS" */;
			buildPhases = (
				9CF75D281EB038D000F7112D /* Sources */,
				9CF75D291EB038D000F7112D /* Frameworks */,
				9CF75D2A1EB038D000F7112D /* Resources */,
			);
			buildRules = (
			);
			dependencies = (
			);
			name = xiaoNS;
			productName = xiaoNS;
			productReference = 9CF75D2C1EB038D000F7112D /* xiaoNS.app */;
			productType = "com.apple.product-type.application";
		};
		9CF75D441EB038D100F7112D /* xiaoNSTests */ = {
			isa = PBXNativeTarget;
			buildConfigurationList = 9CF75D5C1EB038D100F7112D /* Build configuration list for PBXNativeTarget "xiaoNSTests" */;
			buildPhases = (
				9CF75D411EB038D100F7112D /* Sources */,
				9CF75D421EB038D100F7112D /* Frameworks */,
				9CF75D431EB038D100F7112D /* Resources */,
			);
			buildRules = (
			);
			dependencies = (
				9CF75D471EB038D100F7112D /* PBXTargetDependency */,
			);
			name = xiaoNSTests;
			productName = xiaoNSTests;
			productReference = 9CF75D451EB038D100F7112D /* xiaoNSTests.xctest */;
			productType = "com.apple.product-type.bundle.unit-test";
		};
		9CF75D4F1EB038D100F7112D /* xiaoNSUITests */ = {
			isa = PBXNativeTarget;
			buildConfigurationList = 9CF75D5F1EB038D100F7112D /* Build configuration list for PBXNativeTarget "xiaoNSUITests" */;
			buildPhases = (
				9CF75D4C1EB038D100F7112D /* Sources */,
				9CF75D4D1EB038D100F7112D /* Frameworks */,
				9CF75D4E1EB038D100F7112D /* Resources */,
			);
			buildRules = (
			);
			dependencies = (
				9CF75D521EB038D100F7112D /* PBXTargetDependency */,
			);
			name = xiaoNSUITests;
			productName = xiaoNSUITests;
			productReference = 9CF75D501EB038D100F7112D /* xiaoNSUITests.xctest */;
			productType = "com.apple.product-type.bundle.ui-testing";
		};
/* End PBXNativeTarget section */

/* Begin PBXProject section */
		9CF75D241EB038D000F7112D /* Project object */ = {
			isa = PBXProject;
			attributes = {
				LastUpgradeCheck = 0830;
				ORGANIZATIONNAME = xiwen;
				TargetAttributes = {
					9CF75D2B1EB038D000F7112D = {
						CreatedOnToolsVersion = 8.3.2;
						DevelopmentTeam = 8756Z6L8HE;
						ProvisioningStyle = Automatic;
					};
					9CF75D441EB038D100F7112D = {
						CreatedOnToolsVersion = 8.3.2;
						DevelopmentTeam = 8756Z6L8HE;
						ProvisioningStyle = Automatic;
						TestTargetID = 9CF75D2B1EB038D000F7112D;
					};
					9CF75D4F1EB038D100F7112D = {
						CreatedOnToolsVersion = 8.3.2;
						DevelopmentTeam = 8756Z6L8HE;
						ProvisioningStyle = Automatic;
						TestTargetID = 9CF75D2B1EB038D000F7112D;
					};
				};
			};
			buildConfigurationList = 9CF75D271EB038D000F7112D /* Build configuration list for PBXProject "xiaoNS" */;
			compatibilityVersion = "Xcode 3.2";
			developmentRegion = English;
			hasScannedForEncodings = 0;
			knownRegions = (
				en,
				Base,
			);
			mainGroup = 9CF75D231EB038D000F7112D;
			productRefGroup = 9CF75D2D1EB038D000F7112D /* Products */;
			projectDirPath = "";
			projectRoot = "";
			targets = (
				9CF75D2B1EB038D000F7112D /* xiaoNS */,
				9CF75D441EB038D100F7112D /* xiaoNSTests */,
				9CF75D4F1EB038D100F7112D /* xiaoNSUITests */,
			);
		};
/* End PBXProject section */

/* Begin PBXResourcesBuildPhase section */
		9CF75D2A1EB038D000F7112D /* Resources */ = {
			isa = PBXResourcesBuildPhase;
			buildActionMask = 2147483647;
			files = (
				9CF75D801EB03E8A00F7112D /* NLoginController.xib in Resources */,
				9CF75D3F1EB038D000F7112D /* LaunchScreen.storyboard in Resources */,
				9C82F1A91EBAB8C60024B3B1 /* RepairInfoCell.xib in Resources */,
				9CF75D3C1EB038D000F7112D /* Assets.xcassets in Resources */,
				9CD0DFDF1EB2DA8B00299212 /* WorkInfoCell.xib in Resources */,
				9CF75D3A1EB038D000F7112D /* Main.storyboard in Resources */,
				9C82F1B11EBACB660024B3B1 /* ManageInfoCell.xib in Resources */,
				9CB088CF1EB1C6BF002E5D50 /* NHomeController.xib in Resources */,
				9CB089541EB1FE0C002E5D50 /* MBProgressHUD.bundle in Resources */,
			);
			runOnlyForDeploymentPostprocessing = 0;
		};
		9CF75D431EB038D100F7112D /* Resources */ = {
			isa = PBXResourcesBuildPhase;
			buildActionMask = 2147483647;
			files = (
			);
			runOnlyForDeploymentPostprocessing = 0;
		};
		9CF75D4E1EB038D100F7112D /* Resources */ = {
			isa = PBXResourcesBuildPhase;
			buildActionMask = 2147483647;
			files = (
			);
			runOnlyForDeploymentPostprocessing = 0;
		};
/* End PBXResourcesBuildPhase section */

/* Begin PBXSourcesBuildPhase section */
		9CF75D281EB038D000F7112D /* Sources */ = {
			isa = PBXSourcesBuildPhase;
			buildActionMask = 2147483647;
			files = (
				9CB089531EB1FE0C002E5D50 /* MBProgressHUD+MJ.m in Sources */,
				9CB4C2231EBC728D00180A48 /* NBaseInfoController.m in Sources */,
				9CF75D841EB03F4600F7112D /* NTabBarController.m in Sources */,
				9CB4C2261EBC72AD00180A48 /* NPictureController.m in Sources */,
				9CB089071EB1EFF7002E5D50 /* UIImageView+AFNetworking.m in Sources */,
				9CB089061EB1EFF7002E5D50 /* UIButton+AFNetworking.m in Sources */,
				9CB088FB1EB1EFF7002E5D50 /* AFSecurityPolicy.m in Sources */,
				9CB088CE1EB1C6BF002E5D50 /* NHomeController.m in Sources */,
				9CB4C2291EBC72FF00180A48 /* NRepairRecordController.m in Sources */,
				9CF75D8C1EB044B500F7112D /* NWorkController.m in Sources */,
				9CB089551EB1FE0C002E5D50 /* MBProgressHUD.m in Sources */,
				9C74BEA91EB0A36900A70185 /* NNavManageController.m in Sources */,
				9CB089051EB1EFF7002E5D50 /* UIActivityIndicatorView+AFNetworking.m in Sources */,
				9CF75D7F1EB03E8A00F7112D /* NLoginController.m in Sources */,
				9C74BEAF1EB0A3C600A70185 /* NNavWorkController.m in Sources */,
				9CB088FC1EB1EFF7002E5D50 /* AFURLRequestSerialization.m in Sources */,
				9CF75D941EB0452200F7112D /* NManageController.m in Sources */,
				9CB088FE1EB1EFF7002E5D50 /* AFURLSessionManager.m in Sources */,
				9CB089041EB1EFF7002E5D50 /* AFNetworkActivityIndicatorManager.m in Sources */,
				9CB089021EB1EFF7002E5D50 /* AFAutoPurgingImageCache.m in Sources */,
				9C74BEAC1EB0A3AE00A70185 /* NNavRepairController.m in Sources */,
				9C82F1AC1EBACB320024B3B1 /* ManageInfo.m in Sources */,
				9CB4C22C1EBC732D00180A48 /* NManageRecordController.m in Sources */,
				9CD0DFDE1EB2DA8B00299212 /* WorkInfoCell.m in Sources */,
				9CF75D911EB0450B00F7112D /* NRepairController.m in Sources */,
				9CF75D341EB038D000F7112D /* AppDelegate.m in Sources */,
				9CB0890D1EB1F6A2002E5D50 /* WorksInfo.m in Sources */,
				9C82F1B01EBACB660024B3B1 /* ManageInfoCell.m in Sources */,
				9C82F1A41EBAB8880024B3B1 /* RepairInfo.m in Sources */,
				9CB088FD1EB1EFF7002E5D50 /* AFURLResponseSerialization.m in Sources */,
				9CB088FA1EB1EFF7002E5D50 /* AFNetworkReachabilityManager.m in Sources */,
				9CB089091EB1EFF7002E5D50 /* UIRefreshControl+AFNetworking.m in Sources */,
				9CB089081EB1EFF7002E5D50 /* UIProgressView+AFNetworking.m in Sources */,
				9C82F1A81EBAB8C60024B3B1 /* RepairInfoCell.m in Sources */,
				9C74BEB21EB0A3D700A70185 /* NNavHomeController.m in Sources */,
				9CB0890A1EB1EFF7002E5D50 /* UIWebView+AFNetworking.m in Sources */,
				9CF75D311EB038D000F7112D /* main.m in Sources */,
				9CB088F91EB1EFF7002E5D50 /* AFHTTPSessionManager.m in Sources */,
				9CB4C2201EBC714000180A48 /* NSubWorkController.m in Sources */,
				9CB089031EB1EFF7002E5D50 /* AFImageDownloader.m in Sources */,
			);
			runOnlyForDeploymentPostprocessing = 0;
		};
		9CF75D411EB038D100F7112D /* Sources */ = {
			isa = PBXSourcesBuildPhase;
			buildActionMask = 2147483647;
			files = (
				9CF75D4A1EB038D100F7112D /* xiaoNSTests.m in Sources */,
			);
			runOnlyForDeploymentPostprocessing = 0;
		};
		9CF75D4C1EB038D100F7112D /* Sources */ = {
			isa = PBXSourcesBuildPhase;
			buildActionMask = 2147483647;
			files = (
				9CF75D551EB038D100F7112D /* xiaoNSUITests.m in Sources */,
			);
			runOnlyForDeploymentPostprocessing = 0;
		};
/* End PBXSourcesBuildPhase section */

/* Begin PBXTargetDependency section */
		9CF75D471EB038D100F7112D /* PBXTargetDependency */ = {
			isa = PBXTargetDependency;
			target = 9CF75D2B1EB038D000F7112D /* xiaoNS */;
			targetProxy = 9CF75D461EB038D100F7112D /* PBXContainerItemProxy */;
		};
		9CF75D521EB038D100F7112D /* PBXTargetDependency */ = {
			isa = PBXTargetDependency;
			target = 9CF75D2B1EB038D000F7112D /* xiaoNS */;
			targetProxy = 9CF75D511EB038D100F7112D /* PBXContainerItemProxy */;
		};
/* End PBXTargetDependency section */

/* Begin PBXVariantGroup section */
		9CF75D381EB038D000F7112D /* Main.storyboard */ = {
			isa = PBXVariantGroup;
			children = (
				9CF75D391EB038D000F7112D /* Base */,
			);
			name = Main.storyboard;
			sourceTree = "<group>";
		};
		9CF75D3D1EB038D000F7112D /* LaunchScreen.storyboard */ = {
			isa = PBXVariantGroup;
			children = (
				9CF75D3E1EB038D000F7112D /* Base */,
			);
			name = LaunchScreen.storyboard;
			sourceTree = "<group>";
		};
/* End PBXVariantGroup section */

/* Begin XCBuildConfiguration section */
		9CF75D571EB038D100F7112D /* Debug */ = {
			isa = XCBuildConfiguration;
			buildSettings = {
				ALWAYS_SEARCH_USER_PATHS = NO;
				CLANG_ANALYZER_NONNULL = YES;
				CLANG_ANALYZER_NUMBER_OBJECT_CONVERSION = YES_AGGRESSIVE;
				CLANG_CXX_LANGUAGE_STANDARD = "gnu++0x";
				CLANG_CXX_LIBRARY = "libc++";
				CLANG_ENABLE_MODULES = YES;
				CLANG_ENABLE_OBJC_ARC = YES;
				CLANG_WARN_BOOL_CONVERSION = YES;
				CLANG_WARN_CONSTANT_CONVERSION = YES;
				CLANG_WARN_DIRECT_OBJC_ISA_USAGE = YES_ERROR;
				CLANG_WARN_DOCUMENTATION_COMMENTS = YES;
				CLANG_WARN_EMPTY_BODY = YES;
				CLANG_WARN_ENUM_CONVERSION = YES;
				CLANG_WARN_INFINITE_RECURSION = YES;
				CLANG_WARN_INT_CONVERSION = YES;
				CLANG_WARN_OBJC_ROOT_CLASS = YES_ERROR;
				CLANG_WARN_SUSPICIOUS_MOVE = YES;
				CLANG_WARN_UNREACHABLE_CODE = YES;
				CLANG_WARN__DUPLICATE_METHOD_MATCH = YES;
				"CODE_SIGN_IDENTITY[sdk=iphoneos*]" = "iPhone Developer";
				COPY_PHASE_STRIP = NO;
				DEBUG_INFORMATION_FORMAT = dwarf;
				ENABLE_STRICT_OBJC_MSGSEND = YES;
				ENABLE_TESTABILITY = YES;
				GCC_C_LANGUAGE_STANDARD = gnu99;
				GCC_DYNAMIC_NO_PIC = NO;
				GCC_NO_COMMON_BLOCKS = YES;
				GCC_OPTIMIZATION_LEVEL = 0;
				GCC_PREPROCESSOR_DEFINITIONS = (
					"DEBUG=1",
					"$(inherited)",
				);
				GCC_WARN_64_TO_32_BIT_CONVERSION = YES;
				GCC_WARN_ABOUT_RETURN_TYPE = YES_ERROR;
				GCC_WARN_UNDECLARED_SELECTOR = YES;
				GCC_WARN_UNINITIALIZED_AUTOS = YES_AGGRESSIVE;
				GCC_WARN_UNUSED_FUNCTION = YES;
				GCC_WARN_UNUSED_VARIABLE = YES;
				IPHONEOS_DEPLOYMENT_TARGET = 10.3;
				MTL_ENABLE_DEBUG_INFO = YES;
				ONLY_ACTIVE_ARCH = YES;
				SDKROOT = iphoneos;
			};
			name = Debug;
		};
		9CF75D581EB038D100F7112D /* Release */ = {
			isa = XCBuildConfiguration;
			buildSettings = {
				ALWAYS_SEARCH_USER_PATHS = NO;
				CLANG_ANALYZER_NONNULL = YES;
				CLANG_ANALYZER_NUMBER_OBJECT_CONVERSION = YES_AGGRESSIVE;
				CLANG_CXX_LANGUAGE_STANDARD = "gnu++0x";
				CLANG_CXX_LIBRARY = "libc++";
				CLANG_ENABLE_MODULES = YES;
				CLANG_ENABLE_OBJC_ARC = YES;
				CLANG_WARN_BOOL_CONVERSION = YES;
				CLANG_WARN_CONSTANT_CONVERSION = YES;
				CLANG_WARN_DIRECT_OBJC_ISA_USAGE = YES_ERROR;
				CLANG_WARN_DOCUMENTATION_COMMENTS = YES;
				CLANG_WARN_EMPTY_BODY = YES;
				CLANG_WARN_ENUM_CONVERSION = YES;
				CLANG_WARN_INFINITE_RECURSION = YES;
				CLANG_WARN_INT_CONVERSION = YES;
				CLANG_WARN_OBJC_ROOT_CLASS = YES_ERROR;
				CLANG_WARN_SUSPICIOUS_MOVE = YES;
				CLANG_WARN_UNREACHABLE_CODE = YES;
				CLANG_WARN__DUPLICATE_METHOD_MATCH = YES;
				"CODE_SIGN_IDENTITY[sdk=iphoneos*]" = "iPhone Developer";
				COPY_PHASE_STRIP = NO;
				DEBUG_INFORMATION_FORMAT = "dwarf-with-dsym";
				ENABLE_NS_ASSERTIONS = NO;
				ENABLE_STRICT_OBJC_MSGSEND = YES;
				GCC_C_LANGUAGE_STANDARD = gnu99;
				GCC_NO_COMMON_BLOCKS = YES;
				GCC_WARN_64_TO_32_BIT_CONVERSION = YES;
				GCC_WARN_ABOUT_RETURN_TYPE = YES_ERROR;
				GCC_WARN_UNDECLARED_SELECTOR = YES;
				GCC_WARN_UNINITIALIZED_AUTOS = YES_AGGRESSIVE;
				GCC_WARN_UNUSED_FUNCTION = YES;
				GCC_WARN_UNUSED_VARIABLE = YES;
				IPHONEOS_DEPLOYMENT_TARGET = 10.3;
				MTL_ENABLE_DEBUG_INFO = NO;
				SDKROOT = iphoneos;
				VALIDATE_PRODUCT = YES;
			};
			name = Release;
		};
		9CF75D5A1EB038D100F7112D /* Debug */ = {
			isa = XCBuildConfiguration;
			buildSettings = {
				ASSETCATALOG_COMPILER_APPICON_NAME = AppIcon;
				DEVELOPMENT_TEAM = 8756Z6L8HE;
				INFOPLIST_FILE = xiaoNS/Info.plist;
				LD_RUNPATH_SEARCH_PATHS = "$(inherited) @executable_path/Frameworks";
				PRODUCT_BUNDLE_IDENTIFIER = "-79712908.xiaoNS";
				PRODUCT_NAME = "$(TARGET_NAME)";
			};
			name = Debug;
		};
		9CF75D5B1EB038D100F7112D /* Release */ = {
			isa = XCBuildConfiguration;
			buildSettings = {
				ASSETCATALOG_COMPILER_APPICON_NAME = AppIcon;
				DEVELOPMENT_TEAM = 8756Z6L8HE;
				INFOPLIST_FILE = xiaoNS/Info.plist;
				LD_RUNPATH_SEARCH_PATHS = "$(inherited) @executable_path/Frameworks";
				PRODUCT_BUNDLE_IDENTIFIER = "-79712908.xiaoNS";
				PRODUCT_NAME = "$(TARGET_NAME)";
			};
			name = Release;
		};
		9CF75D5D1EB038D100F7112D /* Debug */ = {
			isa = XCBuildConfiguration;
			buildSettings = {
				BUNDLE_LOADER = "$(TEST_HOST)";
				DEVELOPMENT_TEAM = 8756Z6L8HE;
				INFOPLIST_FILE = xiaoNSTests/Info.plist;
				LD_RUNPATH_SEARCH_PATHS = "$(inherited) @executable_path/Frameworks @loader_path/Frameworks";
				PRODUCT_BUNDLE_IDENTIFIER = "-79712908.xiaoNSTests";
				PRODUCT_NAME = "$(TARGET_NAME)";
				TEST_HOST = "$(BUILT_PRODUCTS_DIR)/xiaoNS.app/xiaoNS";
			};
			name = Debug;
		};
		9CF75D5E1EB038D100F7112D /* Release */ = {
			isa = XCBuildConfiguration;
			buildSettings = {
				BUNDLE_LOADER = "$(TEST_HOST)";
				DEVELOPMENT_TEAM = 8756Z6L8HE;
				INFOPLIST_FILE = xiaoNSTests/Info.plist;
				LD_RUNPATH_SEARCH_PATHS = "$(inherited) @executable_path/Frameworks @loader_path/Frameworks";
				PRODUCT_BUNDLE_IDENTIFIER = "-79712908.xiaoNSTests";
				PRODUCT_NAME = "$(TARGET_NAME)";
				TEST_HOST = "$(BUILT_PRODUCTS_DIR)/xiaoNS.app/xiaoNS";
			};
			name = Release;
		};
		9CF75D601EB038D100F7112D /* Debug */ = {
			isa = XCBuildConfiguration;
			buildSettings = {
				DEVELOPMENT_TEAM = 8756Z6L8HE;
				INFOPLIST_FILE = xiaoNSUITests/Info.plist;
				LD_RUNPATH_SEARCH_PATHS = "$(inherited) @executable_path/Frameworks @loader_path/Frameworks";
				PRODUCT_BUNDLE_IDENTIFIER = "-79712908.xiaoNSUITests";
				PRODUCT_NAME = "$(TARGET_NAME)";
				TEST_TARGET_NAME = xiaoNS;
			};
			name = Debug;
		};
		9CF75D611EB038D100F7112D /* Release */ = {
			isa = XCBuildConfiguration;
			buildSettings = {
				DEVELOPMENT_TEAM = 8756Z6L8HE;
				INFOPLIST_FILE = xiaoNSUITests/Info.plist;
				LD_RUNPATH_SEARCH_PATHS = "$(inherited) @executable_path/Frameworks @loader_path/Frameworks";
				PRODUCT_BUNDLE_IDENTIFIER = "-79712908.xiaoNSUITests";
				PRODUCT_NAME = "$(TARGET_NAME)";
				TEST_TARGET_NAME = xiaoNS;
			};
			name = Release;
		};
/* End XCBuildConfiguration section */

/* Begin XCConfigurationList section */
		9CF75D271EB038D000F7112D /* Build configuration list for PBXProject "xiaoNS" */ = {
			isa = XCConfigurationList;
			buildConfigurations = (
				9CF75D571EB038D100F7112D /* Debug */,
				9CF75D581EB038D100F7112D /* Release */,
			);
			defaultConfigurationIsVisible = 0;
			defaultConfigurationName = Release;
		};
		9CF75D591EB038D100F7112D /* Build configuration list for PBXNativeTarget "xiaoNS" */ = {
			isa = XCConfigurationList;
			buildConfigurations = (
				9CF75D5A1EB038D100F7112D /* Debug */,
				9CF75D5B1EB038D100F7112D /* Release */,
			);
			defaultConfigurationIsVisible = 0;
			defaultConfigurationName = Release;
		};
		9CF75D5C1EB038D100F7112D /* Build configuration list for PBXNativeTarget "xiaoNSTests" */ = {
			isa = XCConfigurationList;
			buildConfigurations = (
				9CF75D5D1EB038D100F7112D /* Debug */,
				9CF75D5E1EB038D100F7112D /* Release */,
			);
			defaultConfigurationIsVisible = 0;
			defaultConfigurationName = Release;
		};
		9CF75D5F1EB038D100F7112D /* Build configuration list for PBXNativeTarget "xiaoNSUITests" */ = {
			isa = XCConfigurationList;
			buildConfigurations = (
				9CF75D601EB038D100F7112D /* Debug */,
				9CF75D611EB038D100F7112D /* Release */,
			);
			defaultConfigurationIsVisible = 0;
			defaultConfigurationName = Release;
		};
/* End XCConfigurationList section */
	};
	rootObject = 9CF75D241EB038D000F7112D /* Project object */;
}
